# THIS IS AN AUTOGENERATED FILE. DO NOT EDIT THIS FILE DIRECTLY.
# yarn lockfile v1


uglify-js@^3.10.2:
  version "3.10.2"
  resolved "https://registry.yarnpkg.com/uglify-js/-/uglify-js-3.10.2.tgz#8cfa1209fd04199cc8a7f9930ddedb30b0f1912d"
  integrity sha512-GXCYNwqoo0MbLARghYjxVBxDCnU0tLqN7IPLdHHbibCb1NI5zBkU2EPcy/GaVxc0BtTjqyGXJCINe6JMR2Dpow==
